// !$*UTF8*$!
{
	archiveVersion = 1;
	classes = {
	};
	objectVersion = 50;
	objects = {

/* Begin PBXBuildFile section */
		4216D8F024A36D2C00753EB8 /* LazyVGridItemFixedDemoView.swift in Sources */ = {isa = PBXBuildFile; fileRef = 4216D8EF24A36D2C00753EB8 /* LazyVGridItemFixedDemoView.swift */; };
		4216D8F224A36E4000753EB8 /* LazyVGridItemFlexibleDemoView.swift in Sources */ = {isa = PBXBuildFile; fileRef = 4216D8F124A36E4000753EB8 /* LazyVGridItemFlexibleDemoView.swift */; };
		4216D8F424A370B400753EB8 /* LazyVGridItemAdaptiveDemoView.swift in Sources */ = {isa = PBXBuildFile; fileRef = 4216D8F324A370B400753EB8 /* LazyVGridItemAdaptiveDemoView.swift */; };
		426A38D024A1FFB000EE9301 /* Tests_iOS.swift in Sources */ = {isa = PBXBuildFile; fileRef = 426A38CF24A1FFB000EE9301 /* Tests_iOS.swift */; };
		426A38DB24A1FFB000EE9301 /* Tests_macOS.swift in Sources */ = {isa = PBXBuildFile; fileRef = 426A38DA24A1FFB000EE9301 /* Tests_macOS.swift */; };
		426A38DD24A1FFB000EE9301 /* SwiftUI_LazyGridApp.swift in Sources */ = {isa = PBXBuildFile; fileRef = 426A38B424A1FFAE00EE9301 /* SwiftUI_LazyGridApp.swift */; };
		426A38DE24A1FFB000EE9301 /* SwiftUI_LazyGridApp.swift in Sources */ = {isa = PBXBuildFile; fileRef = 426A38B424A1FFAE00EE9301 /* SwiftUI_LazyGridApp.swift */; };
		426A38DF24A1FFB000EE9301 /* ContentView.swift in Sources */ = {isa = PBXBuildFile; fileRef = 426A38B524A1FFAE00EE9301 /* ContentView.swift */; };
		426A38E024A1FFB000EE9301 /* ContentView.swift in Sources */ = {isa = PBXBuildFile; fileRef = 426A38B524A1FFAE00EE9301 /* ContentView.swift */; };
		426A38E124A1FFB000EE9301 /* Assets.xcassets in Resources */ = {isa = PBXBuildFile; fileRef = 426A38B624A1FFAF00EE9301 /* Assets.xcassets */; };
		426A38E224A1FFB000EE9301 /* Assets.xcassets in Resources */ = {isa = PBXBuildFile; fileRef = 426A38B624A1FFAF00EE9301 /* Assets.xcassets */; };
		4279156724A30DB4004DEB88 /* LazyVGridDemoView.swift in Sources */ = {isa = PBXBuildFile; fileRef = 4279156624A30DB4004DEB88 /* LazyVGridDemoView.swift */; };
		4279156924A30ECE004DEB88 /* LazyHGridDemoView.swift in Sources */ = {isa = PBXBuildFile; fileRef = 4279156824A30ECE004DEB88 /* LazyHGridDemoView.swift */; };
		427A6BC924A3662800730176 /* LazyVGridHeaderDemoView.swift in Sources */ = {isa = PBXBuildFile; fileRef = 427A6BC824A3662800730176 /* LazyVGridHeaderDemoView.swift */; };
		427A6BCB24A366DE00730176 /* LazyVGridFooterDemoView.swift in Sources */ = {isa = PBXBuildFile; fileRef = 427A6BCA24A366DE00730176 /* LazyVGridFooterDemoView.swift */; };
/* End PBXBuildFile section */

/* Begin PBXContainerItemProxy section */
		426A38CC24A1FFB000EE9301 /* PBXContainerItemProxy */ = {
			isa = PBXContainerItemProxy;
			containerPortal = 426A38AF24A1FFAE00EE9301 /* Project object */;
			proxyType = 1;
			remoteGlobalIDString = 426A38BA24A1FFB000EE9301;
			remoteInfo = iOS;
		};
		426A38D724A1FFB000EE9301 /* PBXContainerItemProxy */ = {
			isa = PBXContainerItemProxy;
			containerPortal = 426A38AF24A1FFAE00EE9301 /* Project object */;
			proxyType = 1;
			remoteGlobalIDString = 426A38C224A1FFB000EE9301;
			remoteInfo = macOS;
		};
/* End PBXContainerItemProxy section */

/* Begin PBXFileReference section */
		4216D8EF24A36D2C00753EB8 /* LazyVGridItemFixedDemoView.swift */ = {isa = PBXFileReference; lastKnownFileType = sourcecode.swift; path = LazyVGridItemFixedDemoView.swift; sourceTree = "<group>"; };
		4216D8F124A36E4000753EB8 /* LazyVGridItemFlexibleDemoView.swift */ = {isa = PBXFileReference; lastKnownFileType = sourcecode.swift; path = LazyVGridItemFlexibleDemoView.swift; sourceTree = "<group>"; };
		4216D8F324A370B400753EB8 /* LazyVGridItemAdaptiveDemoView.swift */ = {isa = PBXFileReference; lastKnownFileType = sourcecode.swift; path = LazyVGridItemAdaptiveDemoView.swift; sourceTree = "<group>"; };
		426A38B424A1FFAE00EE9301 /* SwiftUI_LazyGridApp.swift */ = {isa = PBXFileReference; lastKnownFileType = sourcecode.swift; path = SwiftUI_LazyGridApp.swift; sourceTree = "<group>"; };
		426A38B524A1FFAE00EE9301 /* ContentView.swift */ = {isa = PBXFileReference; lastKnownFileType = sourcecode.swift; path = ContentView.swift; sourceTree = "<group>"; };
		426A38B624A1FFAF00EE9301 /* Assets.xcassets */ = {isa = PBXFileReference; lastKnownFileType = folder.assetcatalog; path = Assets.xcassets; sourceTree = "<group>"; };
		426A38BB24A1FFB000EE9301 /* SwiftUI-LazyGrid.app */ = {isa = PBXFileReference; explicitFileType = wrapper.application; includeInIndex = 0; path = "SwiftUI-LazyGrid.app"; sourceTree = BUILT_PRODUCTS_DIR; };
		426A38BE24A1FFB000EE9301 /* Info.plist */ = {isa = PBXFileReference; lastKnownFileType = text.plist.xml; path = Info.plist; sourceTree = "<group>"; };
		426A38C324A1FFB000EE9301 /* SwiftUI-LazyGrid.app */ = {isa = PBXFileReference; explicitFileType = wrapper.application; includeInIndex = 0; path = "SwiftUI-LazyGrid.app"; sourceTree = BUILT_PRODUCTS_DIR; };
		426A38C524A1FFB000EE9301 /* Info.plist */ = {isa = PBXFileReference; lastKnownFileType = text.plist.xml; path = Info.plist; sourceTree = "<group>"; };
		426A38C624A1FFB000EE9301 /* macOS.entitlements */ = {isa = PBXFileReference; lastKnownFileType = text.plist.entitlements; path = macOS.entitlements; sourceTree = "<group>"; };
		426A38CB24A1FFB000EE9301 /* Tests iOS.xctest */ = {isa = PBXFileReference; explicitFileType = wrapper.cfbundle; includeInIndex = 0; path = "Tests iOS.xctest"; sourceTree = BUILT_PRODUCTS_DIR; };
		426A38CF24A1FFB000EE9301 /* Tests_iOS.swift */ = {isa = PBXFileReference; lastKnownFileType = sourcecode.swift; path = Tests_iOS.swift; sourceTree = "<group>"; };
		426A38D124A1FFB000EE9301 /* Info.plist */ = {isa = PBXFileReference; lastKnownFileType = text.plist.xml; path = Info.plist; sourceTree = "<group>"; };
		426A38D624A1FFB000EE9301 /* Tests macOS.xctest */ = {isa = PBXFileReference; explicitFileType = wrapper.cfbundle; includeInIndex = 0; path = "Tests macOS.xctest"; sourceTree = BUILT_PRODUCTS_DIR; };
		426A38DA24A1FFB000EE9301 /* Tests_macOS.swift */ = {isa = PBXFileReference; lastKnownFileType = sourcecode.swift; path = Tests_macOS.swift; sourceTree = "<group>"; };
		426A38DC24A1FFB000EE9301 /* Info.plist */ = {isa = PBXFileReference; lastKnownFileType = text.plist.xml; path = Info.plist; sourceTree = "<group>"; };
		4279156624A30DB4004DEB88 /* LazyVGridDemoView.swift */ = {isa = PBXFileReference; lastKnownFileType = sourcecode.swift; path = LazyVGridDemoView.swift; sourceTree = "<group>"; };
		4279156824A30ECE004DEB88 /* LazyHGridDemoView.swift */ = {isa = PBXFileReference; lastKnownFileType = sourcecode.swift; path = LazyHGridDemoView.swift; sourceTree = "<group>"; };
		427A6BC824A3662800730176 /* LazyVGridHeaderDemoView.swift */ = {isa = PBXFileReference; lastKnownFileType = sourcecode.swift; path = LazyVGridHeaderDemoView.swift; sourceTree = "<group>"; };
		427A6BCA24A366DE00730176 /* LazyVGridFooterDemoView.swift */ = {isa = PBXFileReference; lastKnownFileType = sourcecode.swift; path = LazyVGridFooterDemoView.swift; sourceTree = "<group>"; };
/* End PBXFileReference section */

/* Begin PBXFrameworksBuildPhase section */
		426A38B824A1FFB000EE9301 /* Frameworks */ = {
			isa = PBXFrameworksBuildPhase;
			buildActionMask = 2147483647;
			files = (
			);
			runOnlyForDeploymentPostprocessing = 0;
		};
		426A38C024A1FFB000EE9301 /* Frameworks */ = {
			isa = PBXFrameworksBuildPhase;
			buildActionMask = 2147483647;
			files = (
			);
			runOnlyForDeploymentPostprocessing = 0;
		};
		426A38C824A1FFB000EE9301 /* Frameworks */ = {
			isa = PBXFrameworksBuildPhase;
			buildActionMask = 2147483647;
			files = (
			);
			runOnlyForDeploymentPostprocessing = 0;
		};
		426A38D324A1FFB000EE9301 /* Frameworks */ = {
			isa = PBXFrameworksBuildPhase;
			buildActionMask = 2147483647;
			files = (
			);
			runOnlyForDeploymentPostprocessing = 0;
		};
/* End PBXFrameworksBuildPhase section */

/* Begin PBXGroup section */
		426A38AE24A1FFAE00EE9301 = {
			isa = PBXGroup;
			children = (
				426A38B324A1FFAE00EE9301 /* Shared */,
				426A38BD24A1FFB000EE9301 /* iOS */,
				426A38C424A1FFB000EE9301 /* macOS */,
				426A38CE24A1FFB000EE9301 /* Tests iOS */,
				426A38D924A1FFB000EE9301 /* Tests macOS */,
				426A38BC24A1FFB000EE9301 /* Products */,
			);
			sourceTree = "<group>";
		};
		426A38B324A1FFAE00EE9301 /* Shared */ = {
			isa = PBXGroup;
			children = (
				426A38B424A1FFAE00EE9301 /* SwiftUI_LazyGridApp.swift */,
				426A38B524A1FFAE00EE9301 /* ContentView.swift */,
				4279156524A30D9E004DEB88 /* GridView */,
				426A38B624A1FFAF00EE9301 /* Assets.xcassets */,
			);
			path = Shared;
			sourceTree = "<group>";
		};
		426A38BC24A1FFB000EE9301 /* Products */ = {
			isa = PBXGroup;
			children = (
				426A38BB24A1FFB000EE9301 /* SwiftUI-LazyGrid.app */,
				426A38C324A1FFB000EE9301 /* SwiftUI-LazyGrid.app */,
				426A38CB24A1FFB000EE9301 /* Tests iOS.xctest */,
				426A38D624A1FFB000EE9301 /* Tests macOS.xctest */,
			);
			name = Products;
			sourceTree = "<group>";
		};
		426A38BD24A1FFB000EE9301 /* iOS */ = {
			isa = PBXGroup;
			children = (
				426A38BE24A1FFB000EE9301 /* Info.plist */,
			);
			path = iOS;
			sourceTree = "<group>";
		};
		426A38C424A1FFB000EE9301 /* macOS */ = {
			isa = PBXGroup;
			children = (
				426A38C524A1FFB000EE9301 /* Info.plist */,
				426A38C624A1FFB000EE9301 /* macOS.entitlements */,
			);
			path = macOS;
			sourceTree = "<group>";
		};
		426A38CE24A1FFB000EE9301 /* Tests iOS */ = {
			isa = PBXGroup;
			children = (
				426A38CF24A1FFB000EE9301 /* Tests_iOS.swift */,
				426A38D124A1FFB000EE9301 /* Info.plist */,
			);
			path = "Tests iOS";
			sourceTree = "<group>";
		};
		426A38D924A1FFB000EE9301 /* Tests macOS */ = {
			isa = PBXGroup;
			children = (
				426A38DA24A1FFB000EE9301 /* Tests_macOS.swift */,
				426A38DC24A1FFB000EE9301 /* Info.plist */,
			);
			path = "Tests macOS";
			sourceTree = "<group>";
		};
		4279156524A30D9E004DEB88 /* GridView */ = {
			isa = PBXGroup;
			children = (
				4279156624A30DB4004DEB88 /* LazyVGridDemoView.swift */,
				4279156824A30ECE004DEB88 /* LazyHGridDemoView.swift */,
				427A6BC824A3662800730176 /* LazyVGridHeaderDemoView.swift */,
				427A6BCA24A366DE00730176 /* LazyVGridFooterDemoView.swift */,
				4216D8EF24A36D2C00753EB8 /* LazyVGridItemFixedDemoView.swift */,
				4216D8F124A36E4000753EB8 /* LazyVGridItemFlexibleDemoView.swift */,
				4216D8F324A370B400753EB8 /* LazyVGridItemAdaptiveDemoView.swift */,
			);
			path = GridView;
			sourceTree = "<group>";
		};
/* End PBXGroup section */

/* Begin PBXNativeTarget section */
		426A38BA24A1FFB000EE9301 /* iOS */ = {
			isa = PBXNativeTarget;
			buildConfigurationList = 426A38E524A1FFB000EE9301 /* Build configuration list for PBXNativeTarget "iOS" */;
			buildPhases = (
				426A38B724A1FFB000EE9301 /* Sources */,
				426A38B824A1FFB000EE9301 /* Frameworks */,
				426A38B924A1FFB000EE9301 /* Resources */,
			);
			buildRules = (
			);
			dependencies = (
			);
			name = iOS;
			productName = iOS;
			productReference = 426A38BB24A1FFB000EE9301 /* SwiftUI-LazyGrid.app */;
			productType = "com.apple.product-type.application";
		};
		426A38C224A1FFB000EE9301 /* macOS */ = {
			isa = PBXNativeTarget;
			buildConfigurationList = 426A38E824A1FFB000EE9301 /* Build configuration list for PBXNativeTarget "macOS" */;
			buildPhases = (
				426A38BF24A1FFB000EE9301 /* Sources */,
				426A38C024A1FFB000EE9301 /* Frameworks */,
				426A38C124A1FFB000EE9301 /* Resources */,
			);
			buildRules = (
			);
			dependencies = (
			);
			name = macOS;
			productName = macOS;
			productReference = 426A38C324A1FFB000EE9301 /* SwiftUI-LazyGrid.app */;
			productType = "com.apple.product-type.application";
		};
		426A38CA24A1FFB000EE9301 /* Tests iOS */ = {
			isa = PBXNativeTarget;
			buildConfigurationList = 426A38EB24A1FFB000EE9301 /* Build configuration list for PBXNativeTarget "Tests iOS" */;
			buildPhases = (
				426A38C724A1FFB000EE9301 /* Sources */,
				426A38C824A1FFB000EE9301 /* Frameworks */,
				426A38C924A1FFB000EE9301 /* Resources */,
			);
			buildRules = (
			);
			dependencies = (
				426A38CD24A1FFB000EE9301 /* PBXTargetDependency */,
			);
			name = "Tests iOS";
			productName = "Tests iOS";
			productReference = 426A38CB24A1FFB000EE9301 /* Tests iOS.xctest */;
			productType = "com.apple.product-type.bundle.ui-testing";
		};
		426A38D524A1FFB000EE9301 /* Tests macOS */ = {
			isa = PBXNativeTarget;
			buildConfigurationList = 426A38EE24A1FFB000EE9301 /* Build configuration list for PBXNativeTarget "Tests macOS" */;
			buildPhases = (
				426A38D224A1FFB000EE9301 /* Sources */,
				426A38D324A1FFB000EE9301 /* Frameworks */,
				426A38D424A1FFB000EE9301 /* Resources */,
			);
			buildRules = (
			);
			dependencies = (
				426A38D824A1FFB000EE9301 /* PBXTargetDependency */,
			);
			name = "Tests macOS";
			productName = "Tests macOS";
			productReference = 426A38D624A1FFB000EE9301 /* Tests macOS.xctest */;
			productType = "com.apple.product-type.bundle.ui-testing";
		};
/* End PBXNativeTarget section */

/* Begin PBXProject section */
		426A38AF24A1FFAE00EE9301 /* Project object */ = {
			isa = PBXProject;
			attributes = {
				LastSwiftUpdateCheck = 1200;
				LastUpgradeCheck = 1200;
				TargetAttributes = {
					426A38BA24A1FFB000EE9301 = {
						CreatedOnToolsVersion = 12.0;
					};
					426A38C224A1FFB000EE9301 = {
						CreatedOnToolsVersion = 12.0;
					};
					426A38CA24A1FFB000EE9301 = {
						CreatedOnToolsVersion = 12.0;
						TestTargetID = 426A38BA24A1FFB000EE9301;
					};
					426A38D524A1FFB000EE9301 = {
						CreatedOnToolsVersion = 12.0;
						TestTargetID = 426A38C224A1FFB000EE9301;
					};
				};
			};
			buildConfigurationList = 426A38B224A1FFAE00EE9301 /* Build configuration list for PBXProject "SwiftUI-LazyGrid" */;
			compatibilityVersion = "Xcode 9.3";
			developmentRegion = en;
			hasScannedForEncodings = 0;
			knownRegions = (
				en,
				Base,
			);
			mainGroup = 426A38AE24A1FFAE00EE9301;
			productRefGroup = 426A38BC24A1FFB000EE9301 /* Products */;
			projectDirPath = "";
			projectRoot = "";
			targets = (
				426A38BA24A1FFB000EE9301 /* iOS */,
				426A38C224A1FFB000EE9301 /* macOS */,
				426A38CA24A1FFB000EE9301 /* Tests iOS */,
				426A38D524A1FFB000EE9301 /* Tests macOS */,
			);
		};
/* End PBXProject section */

/* Begin PBXResourcesBuildPhase section */
		426A38B924A1FFB000EE9301 /* Resources */ = {
			isa = PBXResourcesBuildPhase;
			buildActionMask = 2147483647;
			files = (
				426A38E124A1FFB000EE9301 /* Assets.xcassets in Resources */,
			);
			runOnlyForDeploymentPostprocessing = 0;
		};
		426A38C124A1FFB000EE9301 /* Resources */ = {
			isa = PBXResourcesBuildPhase;
			buildActionMask = 2147483647;
			files = (
				426A38E224A1FFB000EE9301 /* Assets.xcassets in Resources */,
			);
			runOnlyForDeploymentPostprocessing = 0;
		};
		426A38C924A1FFB000EE9301 /* Resources */ = {
			isa = PBXResourcesBuildPhase;
			buildActionMask = 2147483647;
			files = (
			);
			runOnlyForDeploymentPostprocessing = 0;
		};
		426A38D424A1FFB000EE9301 /* Resources */ = {
			isa = PBXResourcesBuildPhase;
			buildActionMask = 2147483647;
			files = (
			);
			runOnlyForDeploymentPostprocessing = 0;
		};
/* End PBXResourcesBuildPhase section */

/* Begin PBXSourcesBuildPhase section */
		426A38B724A1FFB000EE9301 /* Sources */ = {
			isa = PBXSourcesBuildPhase;
			buildActionMask = 2147483647;
			files = (
				4216D8F424A370B400753EB8 /* LazyVGridItemAdaptiveDemoView.swift in Sources */,
				4279156724A30DB4004DEB88 /* LazyVGridDemoView.swift in Sources */,
				427A6BCB24A366DE00730176 /* LazyVGridFooterDemoView.swift in Sources */,
				427A6BC924A3662800730176 /* LazyVGridHeaderDemoView.swift in Sources */,
				4279156924A30ECE004DEB88 /* LazyHGridDemoView.swift in Sources */,
				4216D8F224A36E4000753EB8 /* LazyVGridItemFlexibleDemoView.swift in Sources */,
				4216D8F024A36D2C00753EB8 /* LazyVGridItemFixedDemoView.swift in Sources */,
				426A38DF24A1FFB000EE9301 /* ContentView.swift in Sources */,
				426A38DD24A1FFB000EE9301 /* SwiftUI_LazyGridApp.swift in Sources */,
			);
			runOnlyForDeploymentPostprocessing = 0;
		};
		426A38BF24A1FFB000EE9301 /* Sources */ = {
			isa = PBXSourcesBuildPhase;
			buildActionMask = 2147483647;
			files = (
				426A38E024A1FFB000EE9301 /* ContentView.swift in Sources */,
				426A38DE24A1FFB000EE9301 /* SwiftUI_LazyGridApp.swift in Sources */,
			);
			runOnlyForDeploymentPostprocessing = 0;
		};
		426A38C724A1FFB000EE9301 /* Sources */ = {
			isa = PBXSourcesBuildPhase;
			buildActionMask = 2147483647;
			files = (
				426A38D024A1FFB000EE9301 /* Tests_iOS.swift in Sources */,
			);
			runOnlyForDeploymentPostprocessing = 0;
		};
		426A38D224A1FFB000EE9301 /* Sources */ = {
			isa = PBXSourcesBuildPhase;
			buildActionMask = 2147483647;
			files = (
				426A38DB24A1FFB000EE9301 /* Tests_macOS.swift in Sources */,
			);
			runOnlyForDeploymentPostprocessing = 0;
		};
/* End PBXSourcesBuildPhase section */

/* Begin PBXTargetDependency section */
		426A38CD24A1FFB000EE9301 /* PBXTargetDependency */ = {
			isa = PBXTargetDependency;
			target = 426A38BA24A1FFB000EE9301 /* iOS */;
			targetProxy = 426A38CC24A1FFB000EE9301 /* PBXContainerItemProxy */;
		};
		426A38D824A1FFB000EE9301 /* PBXTargetDependency */ = {
			isa = PBXTargetDependency;
			target = 426A38C224A1FFB000EE9301 /* macOS */;
			targetProxy = 426A38D724A1FFB000EE9301 /* PBXContainerItemProxy */;
		};
/* End PBXTargetDependency section */

/* Begin XCBuildConfiguration section */
		426A38E324A1FFB000EE9301 /* Debug */ = {
			isa = XCBuildConfiguration;
			buildSettings = {
				ALWAYS_SEARCH_USER_PATHS = NO;
				CLANG_ANALYZER_NONNULL = YES;
				CLANG_ANALYZER_NUMBER_OBJECT_CONVERSION = YES_AGGRESSIVE;
				CLANG_CXX_LANGUAGE_STANDARD = "gnu++14";
				CLANG_CXX_LIBRARY = "libc++";
				CLANG_ENABLE_MODULES = YES;
				CLANG_ENABLE_OBJC_ARC = YES;
				CLANG_ENABLE_OBJC_WEAK = YES;
				CLANG_WARN_BLOCK_CAPTURE_AUTORELEASING = YES;
				CLANG_WARN_BOOL_CONVERSION = YES;
				CLANG_WARN_COMMA = YES;
				CLANG_WARN_CONSTANT_CONVERSION = YES;
				CLANG_WARN_DEPRECATED_OBJC_IMPLEMENTATIONS = YES;
				CLANG_WARN_DIRECT_OBJC_ISA_USAGE = YES_ERROR;
				CLANG_WARN_DOCUMENTATION_COMMENTS = YES;
				CLANG_WARN_EMPTY_BODY = YES;
				CLANG_WARN_ENUM_CONVERSION = YES;
				CLANG_WARN_INFINITE_RECURSION = YES;
				CLANG_WARN_INT_CONVERSION = YES;
				CLANG_WARN_NON_LITERAL_NULL_CONVERSION = YES;
				CLANG_WARN_OBJC_IMPLICIT_RETAIN_SELF = YES;
				CLANG_WARN_OBJC_LITERAL_CONVERSION = YES;
				CLANG_WARN_OBJC_ROOT_CLASS = YES_ERROR;
				CLANG_WARN_QUOTED_INCLUDE_IN_FRAMEWORK_HEADER = YES;
				CLANG_WARN_RANGE_LOOP_ANALYSIS = YES;
				CLANG_WARN_STRICT_PROTOTYPES = YES;
				CLANG_WARN_SUSPICIOUS_MOVE = YES;
				CLANG_WARN_UNGUARDED_AVAILABILITY = YES_AGGRESSIVE;
				CLANG_WARN_UNREACHABLE_CODE = YES;
				CLANG_WARN__DUPLICATE_METHOD_MATCH = YES;
				COPY_PHASE_STRIP = NO;
				DEBUG_INFORMATION_FORMAT = dwarf;
				ENABLE_STRICT_OBJC_MSGSEND = YES;
				ENABLE_TESTABILITY = YES;
				GCC_C_LANGUAGE_STANDARD = gnu11;
				GCC_DYNAMIC_NO_PIC = NO;
				GCC_NO_COMMON_BLOCKS = YES;
				GCC_OPTIMIZATION_LEVEL = 0;
				GCC_PREPROCESSOR_DEFINITIONS = (
					"DEBUG=1",
					"$(inherited)",
				);
				GCC_WARN_64_TO_32_BIT_CONVERSION = YES;
				GCC_WARN_ABOUT_RETURN_TYPE = YES_ERROR;
				GCC_WARN_UNDECLARED_SELECTOR = YES;
				GCC_WARN_UNINITIALIZED_AUTOS = YES_AGGRESSIVE;
				GCC_WARN_UNUSED_FUNCTION = YES;
				GCC_WARN_UNUSED_VARIABLE = YES;
				MTL_ENABLE_DEBUG_INFO = INCLUDE_SOURCE;
				MTL_FAST_MATH = YES;
				ONLY_ACTIVE_ARCH = YES;
				SWIFT_ACTIVE_COMPILATION_CONDITIONS = DEBUG;
				SWIFT_OPTIMIZATION_LEVEL = "-Onone";
			};
			name = Debug;
		};
		426A38E424A1FFB000EE9301 /* Release */ = {
			isa = XCBuildConfiguration;
			buildSettings = {
				ALWAYS_SEARCH_USER_PATHS = NO;
				CLANG_ANALYZER_NONNULL = YES;
				CLANG_ANALYZER_NUMBER_OBJECT_CONVERSION = YES_AGGRESSIVE;
				CLANG_CXX_LANGUAGE_STANDARD = "gnu++14";
				CLANG_CXX_LIBRARY = "libc++";
				CLANG_ENABLE_MODULES = YES;
				CLANG_ENABLE_OBJC_ARC = YES;
				CLANG_ENABLE_OBJC_WEAK = YES;
				CLANG_WARN_BLOCK_CAPTURE_AUTORELEASING = YES;
				CLANG_WARN_BOOL_CONVERSION = YES;
				CLANG_WARN_COMMA = YES;
				CLANG_WARN_CONSTANT_CONVERSION = YES;
				CLANG_WARN_DEPRECATED_OBJC_IMPLEMENTATIONS = YES;
				CLANG_WARN_DIRECT_OBJC_ISA_USAGE = YES_ERROR;
				CLANG_WARN_DOCUMENTATION_COMMENTS = YES;
				CLANG_WARN_EMPTY_BODY = YES;
				CLANG_WARN_ENUM_CONVERSION = YES;
				CLANG_WARN_INFINITE_RECURSION = YES;
				CLANG_WARN_INT_CONVERSION = YES;
				CLANG_WARN_NON_LITERAL_NULL_CONVERSION = YES;
				CLANG_WARN_OBJC_IMPLICIT_RETAIN_SELF = YES;
				CLANG_WARN_OBJC_LITERAL_CONVERSION = YES;
				CLANG_WARN_OBJC_ROOT_CLASS = YES_ERROR;
				CLANG_WARN_QUOTED_INCLUDE_IN_FRAMEWORK_HEADER = YES;
				CLANG_WARN_RANGE_LOOP_ANALYSIS = YES;
				CLANG_WARN_STRICT_PROTOTYPES = YES;
				CLANG_WARN_SUSPICIOUS_MOVE = YES;
				CLANG_WARN_UNGUARDED_AVAILABILITY = YES_AGGRESSIVE;
				CLANG_WARN_UNREACHABLE_CODE = YES;
				CLANG_WARN__DUPLICATE_METHOD_MATCH = YES;
				COPY_PHASE_STRIP = NO;
				DEBUG_INFORMATION_FORMAT = "dwarf-with-dsym";
				ENABLE_NS_ASSERTIONS = NO;
				ENABLE_STRICT_OBJC_MSGSEND = YES;
				GCC_C_LANGUAGE_STANDARD = gnu11;
				GCC_NO_COMMON_BLOCKS = YES;
				GCC_WARN_64_TO_32_BIT_CONVERSION = YES;
				GCC_WARN_ABOUT_RETURN_TYPE = YES_ERROR;
				GCC_WARN_UNDECLARED_SELECTOR = YES;
				GCC_WARN_UNINITIALIZED_AUTOS = YES_AGGRESSIVE;
				GCC_WARN_UNUSED_FUNCTION = YES;
				GCC_WARN_UNUSED_VARIABLE = YES;
				MTL_ENABLE_DEBUG_INFO = NO;
				MTL_FAST_MATH = YES;
				SWIFT_COMPILATION_MODE = wholemodule;
				SWIFT_OPTIMIZATION_LEVEL = "-O";
			};
			name = Release;
		};
		426A38E624A1FFB000EE9301 /* Debug */ = {
			isa = XCBuildConfiguration;
			buildSettings = {
				ASSETCATALOG_COMPILER_APPICON_NAME = AppIcon;
				ASSETCATALOG_COMPILER_GLOBAL_ACCENT_COLOR_NAME = AccentColor;
				CODE_SIGN_STYLE = Automatic;
				ENABLE_PREVIEWS = YES;
				INFOPLIST_FILE = iOS/Info.plist;
				IPHONEOS_DEPLOYMENT_TARGET = 14.0;
				LD_RUNPATH_SEARCH_PATHS = (
					"$(inherited)",
					"@executable_path/Frameworks",
				);
				PRODUCT_BUNDLE_IDENTIFIER = "h.crane.SwiftUI-LazyGrid";
				PRODUCT_NAME = "SwiftUI-LazyGrid";
				SDKROOT = iphoneos;
				SWIFT_VERSION = 5.0;
				TARGETED_DEVICE_FAMILY = "1,2";
			};
			name = Debug;
		};
		426A38E724A1FFB000EE9301 /* Release */ = {
			isa = XCBuildConfiguration;
			buildSettings = {
				ASSETCATALOG_COMPILER_APPICON_NAME = AppIcon;
				ASSETCATALOG_COMPILER_GLOBAL_ACCENT_COLOR_NAME = AccentColor;
				CODE_SIGN_STYLE = Automatic;
				ENABLE_PREVIEWS = YES;
				INFOPLIST_FILE = iOS/Info.plist;
				IPHONEOS_DEPLOYMENT_TARGET = 14.0;
				LD_RUNPATH_SEARCH_PATHS = (
					"$(inherited)",
					"@executable_path/Frameworks",
				);
				PRODUCT_BUNDLE_IDENTIFIER = "h.crane.SwiftUI-LazyGrid";
				PRODUCT_NAME = "SwiftUI-LazyGrid";
				SDKROOT = iphoneos;
				SWIFT_VERSION = 5.0;
				TARGETED_DEVICE_FAMILY = "1,2";
				VALIDATE_PRODUCT = YES;
			};
			name = Release;
		};
		426A38E924A1FFB000EE9301 /* Debug */ = {
			isa = XCBuildConfiguration;
			buildSettings = {
				ASSETCATALOG_COMPILER_APPICON_NAME = AppIcon;
				ASSETCATALOG_COMPILER_GLOBAL_ACCENT_COLOR_NAME = AccentColor;
				CODE_SIGN_ENTITLEMENTS = macOS/macOS.entitlements;
				CODE_SIGN_STYLE = Automatic;
				COMBINE_HIDPI_IMAGES = YES;
				ENABLE_PREVIEWS = YES;
				INFOPLIST_FILE = macOS/Info.plist;
				LD_RUNPATH_SEARCH_PATHS = (
					"$(inherited)",
					"@executable_path/../Frameworks",
				);
				MACOSX_DEPLOYMENT_TARGET = 10.16;
				PRODUCT_BUNDLE_IDENTIFIER = "h.crane.SwiftUI-LazyGrid";
				PRODUCT_NAME = "SwiftUI-LazyGrid";
				SDKROOT = macosx;
				SWIFT_VERSION = 5.0;
			};
			name = Debug;
		};
		426A38EA24A1FFB000EE9301 /* Release */ = {
			isa = XCBuildConfiguration;
			buildSettings = {
				ASSETCATALOG_COMPILER_APPICON_NAME = AppIcon;
				ASSETCATALOG_COMPILER_GLOBAL_ACCENT_COLOR_NAME = AccentColor;
				CODE_SIGN_ENTITLEMENTS = macOS/macOS.entitlements;
				CODE_SIGN_STYLE = Automatic;
				COMBINE_HIDPI_IMAGES = YES;
				ENABLE_PREVIEWS = YES;
				INFOPLIST_FILE = macOS/Info.plist;
				LD_RUNPATH_SEARCH_PATHS = (
					"$(inherited)",
					"@executable_path/../Frameworks",
				);
				MACOSX_DEPLOYMENT_TARGET = 10.16;
				PRODUCT_BUNDLE_IDENTIFIER = "h.crane.SwiftUI-LazyGrid";
				PRODUCT_NAME = "SwiftUI-LazyGrid";
				SDKROOT = macosx;
				SWIFT_VERSION = 5.0;
			};
			name = Release;
		};
		426A38EC24A1FFB000EE9301 /* Debug */ = {
			isa = XCBuildConfiguration;
			buildSettings = {
				ALWAYS_EMBED_SWIFT_STANDARD_LIBRARIES = YES;
				CODE_SIGN_STYLE = Automatic;
				INFOPLIST_FILE = "Tests iOS/Info.plist";
				IPHONEOS_DEPLOYMENT_TARGET = 14.0;
				LD_RUNPATH_SEARCH_PATHS = (
					"$(inherited)",
					"@executable_path/Frameworks",
					"@loader_path/Frameworks",
				);
				PRODUCT_BUNDLE_IDENTIFIER = "h.crane.Tests-iOS";
				PRODUCT_NAME = "$(TARGET_NAME)";
				SDKROOT = iphoneos;
				SWIFT_VERSION = 5.0;
				TARGETED_DEVICE_FAMILY = "1,2";
				TEST_TARGET_NAME = iOS;
			};
			name = Debug;
		};
		426A38ED24A1FFB000EE9301 /* Release */ = {
			isa = XCBuildConfiguration;
			buildSettings = {
				ALWAYS_EMBED_SWIFT_STANDARD_LIBRARIES = YES;
				CODE_SIGN_STYLE = Automatic;
				INFOPLIST_FILE = "Tests iOS/Info.plist";
				IPHONEOS_DEPLOYMENT_TARGET = 14.0;
				LD_RUNPATH_SEARCH_PATHS = (
					"$(inherited)",
					"@executable_path/Frameworks",
					"@loader_path/Frameworks",
				);
				PRODUCT_BUNDLE_IDENTIFIER = "h.crane.Tests-iOS";
				PRODUCT_NAME = "$(TARGET_NAME)";
				SDKROOT = iphoneos;
				SWIFT_VERSION = 5.0;
				TARGETED_DEVICE_FAMILY = "1,2";
				TEST_TARGET_NAME = iOS;
				VALIDATE_PRODUCT = YES;
			};
			name = Release;
		};
		426A38EF24A1FFB000EE9301 /* Debug */ = {
			isa = XCBuildConfiguration;
			buildSettings = {
				ALWAYS_EMBED_SWIFT_STANDARD_LIBRARIES = YES;
				CODE_SIGN_STYLE = Automatic;
				COMBINE_HIDPI_IMAGES = YES;
				INFOPLIST_FILE = "Tests macOS/Info.plist";
				LD_RUNPATH_SEARCH_PATHS = (
					"$(inherited)",
					"@executable_path/../Frameworks",
					"@loader_path/../Frameworks",
				);
				MACOSX_DEPLOYMENT_TARGET = 10.15;
				PRODUCT_BUNDLE_IDENTIFIER = "h.crane.Tests-macOS";
				PRODUCT_NAME = "$(TARGET_NAME)";
				SDKROOT = macosx;
				SWIFT_VERSION = 5.0;
				TEST_TARGET_NAME = macOS;
			};
			name = Debug;
		};
		426A38F024A1FFB000EE9301 /* Release */ = {
			isa = XCBuildConfiguration;
			buildSettings = {
				ALWAYS_EMBED_SWIFT_STANDARD_LIBRARIES = YES;
				CODE_SIGN_STYLE = Automatic;
				COMBINE_HIDPI_IMAGES = YES;
				INFOPLIST_FILE = "Tests macOS/Info.plist";
				LD_RUNPATH_SEARCH_PATHS = (
					"$(inherited)",
					"@executable_path/../Frameworks",
					"@loader_path/../Frameworks",
				);
				MACOSX_DEPLOYMENT_TARGET = 10.15;
				PRODUCT_BUNDLE_IDENTIFIER = "h.crane.Tests-macOS";
				PRODUCT_NAME = "$(TARGET_NAME)";
				SDKROOT = macosx;
				SWIFT_VERSION = 5.0;
				TEST_TARGET_NAME = macOS;
			};
			name = Release;
		};
/* End XCBuildConfiguration section */

/* Begin XCConfigurationList section */
		426A38B224A1FFAE00EE9301 /* Build configuration list for PBXProject "SwiftUI-LazyGrid" */ = {
			isa = XCConfigurationList;
			buildConfigurations = (
				426A38E324A1FFB000EE9301 /* Debug */,
				426A38E424A1FFB000EE9301 /* Release */,
			);
			defaultConfigurationIsVisible = 0;
			defaultConfigurationName = Release;
		};
		426A38E524A1FFB000EE9301 /* Build configuration list for PBXNativeTarget "iOS" */ = {
			isa = XCConfigurationList;
			buildConfigurations = (
				426A38E624A1FFB000EE9301 /* Debug */,
				426A38E724A1FFB000EE9301 /* Release */,
			);
			defaultConfigurationIsVisible = 0;
			defaultConfigurationName = Release;
		};
		426A38E824A1FFB000EE9301 /* Build configuration list for PBXNativeTarget "macOS" */ = {
			isa = XCConfigurationList;
			buildConfigurations = (
				426A38E924A1FFB000EE9301 /* Debug */,
				426A38EA24A1FFB000EE9301 /* Release */,
			);
			defaultConfigurationIsVisible = 0;
			defaultConfigurationName = Release;
		};
		426A38EB24A1FFB000EE9301 /* Build configuration list for PBXNativeTarget "Tests iOS" */ = {
			isa = XCConfigurationList;
			buildConfigurations = (
				426A38EC24A1FFB000EE9301 /* Debug */,
				426A38ED24A1FFB000EE9301 /* Release */,
			);
			defaultConfigurationIsVisible = 0;
			defaultConfigurationName = Release;
		};
		426A38EE24A1FFB000EE9301 /* Build configuration list for PBXNativeTarget "Tests macOS" */ = {
			isa = XCConfigurationList;
			buildConfigurations = (
				426A38EF24A1FFB000EE9301 /* Debug */,
				426A38F024A1FFB000EE9301 /* Release */,
			);
			defaultConfigurationIsVisible = 0;
			defaultConfigurationName = Release;
		};
/* End XCConfigurationList section */
	};
	rootObject = 426A38AF24A1FFAE00EE9301 /* Project object */;
}
